// !$*UTF8*$!
{
	archiveVersion = 1;
	classes = {
	};
	objectVersion = 51;
	objects = {

/* Begin PBXBuildFile section */
		060F99C526399673007C0377 /* AppDelegate.swift in Sources */ = {isa = PBXBuildFile; fileRef = 060F99C426399673007C0377 /* AppDelegate.swift */; };
		060F99C726399673007C0377 /* SceneDelegate.swift in Sources */ = {isa = PBXBuildFile; fileRef = 060F99C626399673007C0377 /* SceneDelegate.swift */; };
		060F99C926399673007C0377 /* MainViewController.swift in Sources */ = {isa = PBXBuildFile; fileRef = 060F99C826399673007C0377 /* MainViewController.swift */; };
		060F99CC26399673007C0377 /* Main.storyboard in Resources */ = {isa = PBXBuildFile; fileRef = 060F99CA26399673007C0377 /* Main.storyboard */; };
		060F99CE26399676007C0377 /* Assets.xcassets in Resources */ = {isa = PBXBuildFile; fileRef = 060F99CD26399676007C0377 /* Assets.xcassets */; };
		060F99D126399676007C0377 /* LaunchScreen.storyboard in Resources */ = {isa = PBXBuildFile; fileRef = 060F99CF26399676007C0377 /* LaunchScreen.storyboard */; };
		060F99E026399CFF007C0377 /* RegistrationViewController.swift in Sources */ = {isa = PBXBuildFile; fileRef = 060F99DF26399CFF007C0377 /* RegistrationViewController.swift */; };
		061549092652B7B200E23D1F /* GeneralQuestionsCell.swift in Sources */ = {isa = PBXBuildFile; fileRef = 061549072652B7B200E23D1F /* GeneralQuestionsCell.swift */; };
		0615490A2652B7B200E23D1F /* GeneralQuestionsCell.xib in Resources */ = {isa = PBXBuildFile; fileRef = 061549082652B7B200E23D1F /* GeneralQuestionsCell.xib */; };
		0615490D2653B21600E23D1F /* ProfileViewController.swift in Sources */ = {isa = PBXBuildFile; fileRef = 0615490C2653B21600E23D1F /* ProfileViewController.swift */; };
		061549102653B2AC00E23D1F /* NewQuestionViewController.swift in Sources */ = {isa = PBXBuildFile; fileRef = 0615490F2653B2AC00E23D1F /* NewQuestionViewController.swift */; };
		0655965B263B77AD00C089BA /* GoogleService-Info.plist in Resources */ = {isa = PBXBuildFile; fileRef = 0655965A263B77AD00C089BA /* GoogleService-Info.plist */; };
		06AE9E58263B7E0600B19869 /* MentorViewController.swift in Sources */ = {isa = PBXBuildFile; fileRef = 06AE9E57263B7E0600B19869 /* MentorViewController.swift */; };
		06AE9E5D263B7F3B00B19869 /* MentorTableView.swift in Sources */ = {isa = PBXBuildFile; fileRef = 06AE9E5B263B7F3B00B19869 /* MentorTableView.swift */; };
		06AE9E5E263B7F3B00B19869 /* MentorTableView.xib in Resources */ = {isa = PBXBuildFile; fileRef = 06AE9E5C263B7F3B00B19869 /* MentorTableView.xib */; };
		06AE9E74263BB14C00B19869 /* QandAViewController.swift in Sources */ = {isa = PBXBuildFile; fileRef = 06AE9E73263BB14C00B19869 /* QandAViewController.swift */; };
		06B4856F6841B4C4D0C2492E /* Pods_Studentor.framework in Frameworks */ = {isa = PBXBuildFile; fileRef = CD019FEB07122A1802097CD2 /* Pods_Studentor.framework */; };
		06EA1500263B3B1E00BA2364 /* LoginViewController.swift in Sources */ = {isa = PBXBuildFile; fileRef = 06EA14FF263B3B1E00BA2364 /* LoginViewController.swift */; };
		06EA1503263B467B00BA2364 /* BasicViewController.swift in Sources */ = {isa = PBXBuildFile; fileRef = 06EA1502263B467B00BA2364 /* BasicViewController.swift */; };
		06EA1509263B48E400BA2364 /* CoursesCollectionView.swift in Sources */ = {isa = PBXBuildFile; fileRef = 06EA1507263B48E400BA2364 /* CoursesCollectionView.swift */; };
		06EA150A263B48E400BA2364 /* CoursesCollectionView.xib in Resources */ = {isa = PBXBuildFile; fileRef = 06EA1508263B48E400BA2364 /* CoursesCollectionView.xib */; };
		06EA1526263B6B6E00BA2364 /* TabBarController.swift in Sources */ = {isa = PBXBuildFile; fileRef = 06EA1525263B6B6E00BA2364 /* TabBarController.swift */; };
/* End PBXBuildFile section */

/* Begin PBXFileReference section */
		060F99C126399673007C0377 /* Studentor.app */ = {isa = PBXFileReference; explicitFileType = wrapper.application; includeInIndex = 0; path = Studentor.app; sourceTree = BUILT_PRODUCTS_DIR; };
		060F99C426399673007C0377 /* AppDelegate.swift */ = {isa = PBXFileReference; lastKnownFileType = sourcecode.swift; path = AppDelegate.swift; sourceTree = "<group>"; };
		060F99C626399673007C0377 /* SceneDelegate.swift */ = {isa = PBXFileReference; lastKnownFileType = sourcecode.swift; path = SceneDelegate.swift; sourceTree = "<group>"; };
		060F99C826399673007C0377 /* MainViewController.swift */ = {isa = PBXFileReference; lastKnownFileType = sourcecode.swift; path = MainViewController.swift; sourceTree = "<group>"; };
		060F99CB26399673007C0377 /* Base */ = {isa = PBXFileReference; lastKnownFileType = file.storyboard; name = Base; path = Base.lproj/Main.storyboard; sourceTree = "<group>"; };
		060F99CD26399676007C0377 /* Assets.xcassets */ = {isa = PBXFileReference; lastKnownFileType = folder.assetcatalog; path = Assets.xcassets; sourceTree = "<group>"; };
		060F99D026399676007C0377 /* Base */ = {isa = PBXFileReference; lastKnownFileType = file.storyboard; name = Base; path = Base.lproj/LaunchScreen.storyboard; sourceTree = "<group>"; };
		060F99D226399676007C0377 /* Info.plist */ = {isa = PBXFileReference; lastKnownFileType = text.plist.xml; path = Info.plist; sourceTree = "<group>"; };
		060F99DF26399CFF007C0377 /* RegistrationViewController.swift */ = {isa = PBXFileReference; lastKnownFileType = sourcecode.swift; path = RegistrationViewController.swift; sourceTree = "<group>"; };
		061549072652B7B200E23D1F /* GeneralQuestionsCell.swift */ = {isa = PBXFileReference; lastKnownFileType = sourcecode.swift; path = GeneralQuestionsCell.swift; sourceTree = "<group>"; };
		061549082652B7B200E23D1F /* GeneralQuestionsCell.xib */ = {isa = PBXFileReference; lastKnownFileType = file.xib; path = GeneralQuestionsCell.xib; sourceTree = "<group>"; };
		0615490C2653B21600E23D1F /* ProfileViewController.swift */ = {isa = PBXFileReference; lastKnownFileType = sourcecode.swift; path = ProfileViewController.swift; sourceTree = "<group>"; };
		0615490F2653B2AC00E23D1F /* NewQuestionViewController.swift */ = {isa = PBXFileReference; lastKnownFileType = sourcecode.swift; path = NewQuestionViewController.swift; sourceTree = "<group>"; };
		0655965A263B77AD00C089BA /* GoogleService-Info.plist */ = {isa = PBXFileReference; fileEncoding = 4; lastKnownFileType = text.plist.xml; path = "GoogleService-Info.plist"; sourceTree = "<group>"; };
		06AE9E57263B7E0600B19869 /* MentorViewController.swift */ = {isa = PBXFileReference; lastKnownFileType = sourcecode.swift; path = MentorViewController.swift; sourceTree = "<group>"; };
		06AE9E5B263B7F3B00B19869 /* MentorTableView.swift */ = {isa = PBXFileReference; lastKnownFileType = sourcecode.swift; path = MentorTableView.swift; sourceTree = "<group>"; };
		06AE9E5C263B7F3B00B19869 /* MentorTableView.xib */ = {isa = PBXFileReference; lastKnownFileType = file.xib; path = MentorTableView.xib; sourceTree = "<group>"; };
		06AE9E73263BB14C00B19869 /* QandAViewController.swift */ = {isa = PBXFileReference; lastKnownFileType = sourcecode.swift; path = QandAViewController.swift; sourceTree = "<group>"; };
		06EA14FF263B3B1E00BA2364 /* LoginViewController.swift */ = {isa = PBXFileReference; lastKnownFileType = sourcecode.swift; path = LoginViewController.swift; sourceTree = "<group>"; };
		06EA1502263B467B00BA2364 /* BasicViewController.swift */ = {isa = PBXFileReference; lastKnownFileType = sourcecode.swift; path = BasicViewController.swift; sourceTree = "<group>"; };
		06EA1507263B48E400BA2364 /* CoursesCollectionView.swift */ = {isa = PBXFileReference; lastKnownFileType = sourcecode.swift; path = CoursesCollectionView.swift; sourceTree = "<group>"; };
		06EA1508263B48E400BA2364 /* CoursesCollectionView.xib */ = {isa = PBXFileReference; lastKnownFileType = file.xib; path = CoursesCollectionView.xib; sourceTree = "<group>"; };
		06EA1525263B6B6E00BA2364 /* TabBarController.swift */ = {isa = PBXFileReference; lastKnownFileType = sourcecode.swift; path = TabBarController.swift; sourceTree = "<group>"; };
		38C6A7026994B082F2F5DAD0 /* Pods-Studentor.debug.xcconfig */ = {isa = PBXFileReference; includeInIndex = 1; lastKnownFileType = text.xcconfig; name = "Pods-Studentor.debug.xcconfig"; path = "Target Support Files/Pods-Studentor/Pods-Studentor.debug.xcconfig"; sourceTree = "<group>"; };
		CD019FEB07122A1802097CD2 /* Pods_Studentor.framework */ = {isa = PBXFileReference; explicitFileType = wrapper.framework; includeInIndex = 0; path = Pods_Studentor.framework; sourceTree = BUILT_PRODUCTS_DIR; };
		FD9DD5CB2AFD5CD43CF839F6 /* Pods-Studentor.release.xcconfig */ = {isa = PBXFileReference; includeInIndex = 1; lastKnownFileType = text.xcconfig; name = "Pods-Studentor.release.xcconfig"; path = "Target Support Files/Pods-Studentor/Pods-Studentor.release.xcconfig"; sourceTree = "<group>"; };
/* End PBXFileReference section */

/* Begin PBXFrameworksBuildPhase section */
		060F99BE26399673007C0377 /* Frameworks */ = {
			isa = PBXFrameworksBuildPhase;
			buildActionMask = 2147483647;
			files = (
				06B4856F6841B4C4D0C2492E /* Pods_Studentor.framework in Frameworks */,
			);
			runOnlyForDeploymentPostprocessing = 0;
		};
/* End PBXFrameworksBuildPhase section */

/* Begin PBXGroup section */
		060F99B826399673007C0377 = {
			isa = PBXGroup;
			children = (
				060F99C326399673007C0377 /* Studentor */,
				060F99C226399673007C0377 /* Products */,
				59B7A45A14D0451D8970DA57 /* Pods */,
				F4654E45AD41CAEA9FAD6E50 /* Frameworks */,
			);
			sourceTree = "<group>";
		};
		060F99C226399673007C0377 /* Products */ = {
			isa = PBXGroup;
			children = (
				060F99C126399673007C0377 /* Studentor.app */,
			);
			name = Products;
			sourceTree = "<group>";
		};
		060F99C326399673007C0377 /* Studentor */ = {
			isa = PBXGroup;
			children = (
				06EA1506263B48CA00BA2364 /* Cell */,
				060F99DD26399770007C0377 /* View */,
				060F99DC26399720007C0377 /* Model */,
				060F99DB2639971A007C0377 /* Controller */,
				060F99DA26399713007C0377 /* Extra */,
				060F99CD26399676007C0377 /* Assets.xcassets */,
				060F99D226399676007C0377 /* Info.plist */,
				0655965A263B77AD00C089BA /* GoogleService-Info.plist */,
			);
			path = Studentor;
			sourceTree = "<group>";
		};
		060F99DA26399713007C0377 /* Extra */ = {
			isa = PBXGroup;
			children = (
				060F99C426399673007C0377 /* AppDelegate.swift */,
				060F99C626399673007C0377 /* SceneDelegate.swift */,
				060F99CF26399676007C0377 /* LaunchScreen.storyboard */,
			);
			path = Extra;
			sourceTree = "<group>";
		};
		060F99DB2639971A007C0377 /* Controller */ = {
			isa = PBXGroup;
			children = (
				060F99C826399673007C0377 /* MainViewController.swift */,
				060F99DF26399CFF007C0377 /* RegistrationViewController.swift */,
				06EA14FF263B3B1E00BA2364 /* LoginViewController.swift */,
				06EA1502263B467B00BA2364 /* BasicViewController.swift */,
				06AE9E57263B7E0600B19869 /* MentorViewController.swift */,
				06EA1525263B6B6E00BA2364 /* TabBarController.swift */,
				06AE9E73263BB14C00B19869 /* QandAViewController.swift */,
				0615490C2653B21600E23D1F /* ProfileViewController.swift */,
				0615490F2653B2AC00E23D1F /* NewQuestionViewController.swift */,
			);
			path = Controller;
			sourceTree = "<group>";
		};
		060F99DC26399720007C0377 /* Model */ = {
			isa = PBXGroup;
			children = (
			);
			path = Model;
			sourceTree = "<group>";
		};
		060F99DD26399770007C0377 /* View */ = {
			isa = PBXGroup;
			children = (
				060F99CA26399673007C0377 /* Main.storyboard */,
			);
			path = View;
			sourceTree = "<group>";
		};
		06EA1506263B48CA00BA2364 /* Cell */ = {
			isa = PBXGroup;
			children = (
				06EA1507263B48E400BA2364 /* CoursesCollectionView.swift */,
				06EA1508263B48E400BA2364 /* CoursesCollectionView.xib */,
				06AE9E5B263B7F3B00B19869 /* MentorTableView.swift */,
				06AE9E5C263B7F3B00B19869 /* MentorTableView.xib */,
				061549072652B7B200E23D1F /* GeneralQuestionsCell.swift */,
				061549082652B7B200E23D1F /* GeneralQuestionsCell.xib */,
			);
			path = Cell;
			sourceTree = "<group>";
		};
		59B7A45A14D0451D8970DA57 /* Pods */ = {
			isa = PBXGroup;
			children = (
				38C6A7026994B082F2F5DAD0 /* Pods-Studentor.debug.xcconfig */,
				FD9DD5CB2AFD5CD43CF839F6 /* Pods-Studentor.release.xcconfig */,
			);
			path = Pods;
			sourceTree = "<group>";
		};
		F4654E45AD41CAEA9FAD6E50 /* Frameworks */ = {
			isa = PBXGroup;
			children = (
				CD019FEB07122A1802097CD2 /* Pods_Studentor.framework */,
			);
			name = Frameworks;
			sourceTree = "<group>";
		};
/* End PBXGroup section */

/* Begin PBXNativeTarget section */
		060F99C026399673007C0377 /* Studentor */ = {
			isa = PBXNativeTarget;
			buildConfigurationList = 060F99D526399676007C0377 /* Build configuration list for PBXNativeTarget "Studentor" */;
			buildPhases = (
				98EEBDFC4FB40AF2F7F0F5C9 /* [CP] Check Pods Manifest.lock */,
				060F99BD26399673007C0377 /* Sources */,
				060F99BE26399673007C0377 /* Frameworks */,
				060F99BF26399673007C0377 /* Resources */,
				5CD2BF24512EFC27303D0271 /* [CP] Embed Pods Frameworks */,
			);
			buildRules = (
			);
			dependencies = (
			);
			name = Studentor;
			productName = Studentor;
			productReference = 060F99C126399673007C0377 /* Studentor.app */;
			productType = "com.apple.product-type.application";
		};
/* End PBXNativeTarget section */

/* Begin PBXProject section */
		060F99B926399673007C0377 /* Project object */ = {
			isa = PBXProject;
			attributes = {
				LastSwiftUpdateCheck = 1220;
				LastUpgradeCheck = 1220;
				TargetAttributes = {
					060F99C026399673007C0377 = {
						CreatedOnToolsVersion = 12.2;
					};
				};
			};
			buildConfigurationList = 060F99BC26399673007C0377 /* Build configuration list for PBXProject "Studentor" */;
			compatibilityVersion = "Xcode 9.3";
			developmentRegion = en;
			hasScannedForEncodings = 0;
			knownRegions = (
				en,
				Base,
			);
			mainGroup = 060F99B826399673007C0377;
			productRefGroup = 060F99C226399673007C0377 /* Products */;
			projectDirPath = "";
			projectRoot = "";
			targets = (
				060F99C026399673007C0377 /* Studentor */,
			);
		};
/* End PBXProject section */

/* Begin PBXResourcesBuildPhase section */
		060F99BF26399673007C0377 /* Resources */ = {
			isa = PBXResourcesBuildPhase;
			buildActionMask = 2147483647;
			files = (
				060F99D126399676007C0377 /* LaunchScreen.storyboard in Resources */,
				06EA150A263B48E400BA2364 /* CoursesCollectionView.xib in Resources */,
				0615490A2652B7B200E23D1F /* GeneralQuestionsCell.xib in Resources */,
				06AE9E5E263B7F3B00B19869 /* MentorTableView.xib in Resources */,
				0655965B263B77AD00C089BA /* GoogleService-Info.plist in Resources */,
				060F99CE26399676007C0377 /* Assets.xcassets in Resources */,
				060F99CC26399673007C0377 /* Main.storyboard in Resources */,
			);
			runOnlyForDeploymentPostprocessing = 0;
		};
/* End PBXResourcesBuildPhase section */

/* Begin PBXShellScriptBuildPhase section */
		5CD2BF24512EFC27303D0271 /* [CP] Embed Pods Frameworks */ = {
			isa = PBXShellScriptBuildPhase;
			buildActionMask = 2147483647;
			files = (
			);
			inputFileListPaths = (
				"${PODS_ROOT}/Target Support Files/Pods-Studentor/Pods-Studentor-frameworks-${CONFIGURATION}-input-files.xcfilelist",
			);
			name = "[CP] Embed Pods Frameworks";
			outputFileListPaths = (
				"${PODS_ROOT}/Target Support Files/Pods-Studentor/Pods-Studentor-frameworks-${CONFIGURATION}-output-files.xcfilelist",
			);
			runOnlyForDeploymentPostprocessing = 0;
			shellPath = /bin/sh;
			shellScript = "\"${PODS_ROOT}/Target Support Files/Pods-Studentor/Pods-Studentor-frameworks.sh\"\n";
			showEnvVarsInLog = 0;
		};
		98EEBDFC4FB40AF2F7F0F5C9 /* [CP] Check Pods Manifest.lock */ = {
			isa = PBXShellScriptBuildPhase;
			buildActionMask = 2147483647;
			files = (
			);
			inputFileListPaths = (
			);
			inputPaths = (
				"${PODS_PODFILE_DIR_PATH}/Podfile.lock",
				"${PODS_ROOT}/Manifest.lock",
			);
			name = "[CP] Check Pods Manifest.lock";
			outputFileListPaths = (
			);
			outputPaths = (
				"$(DERIVED_FILE_DIR)/Pods-Studentor-checkManifestLockResult.txt",
			);
			runOnlyForDeploymentPostprocessing = 0;
			shellPath = /bin/sh;
			shellScript = "diff \"${PODS_PODFILE_DIR_PATH}/Podfile.lock\" \"${PODS_ROOT}/Manifest.lock\" > /dev/null\nif [ $? != 0 ] ; then\n    # print error to STDERR\n    echo \"error: The sandbox is not in sync with the Podfile.lock. Run 'pod install' or update your CocoaPods installation.\" >&2\n    exit 1\nfi\n# This output is used by Xcode 'outputs' to avoid re-running this script phase.\necho \"SUCCESS\" > \"${SCRIPT_OUTPUT_FILE_0}\"\n";
			showEnvVarsInLog = 0;
		};
/* End PBXShellScriptBuildPhase section */

/* Begin PBXSourcesBuildPhase section */
		060F99BD26399673007C0377 /* Sources */ = {
			isa = PBXSourcesBuildPhase;
			buildActionMask = 2147483647;
			files = (
				060F99C926399673007C0377 /* MainViewController.swift in Sources */,
				06EA1526263B6B6E00BA2364 /* TabBarController.swift in Sources */,
				06EA1503263B467B00BA2364 /* BasicViewController.swift in Sources */,
				06AE9E58263B7E0600B19869 /* MentorViewController.swift in Sources */,
				06AE9E5D263B7F3B00B19869 /* MentorTableView.swift in Sources */,
				06EA1509263B48E400BA2364 /* CoursesCollectionView.swift in Sources */,
				061549092652B7B200E23D1F /* GeneralQuestionsCell.swift in Sources */,
				060F99C526399673007C0377 /* AppDelegate.swift in Sources */,
				060F99E026399CFF007C0377 /* RegistrationViewController.swift in Sources */,
				06EA1500263B3B1E00BA2364 /* LoginViewController.swift in Sources */,
				0615490D2653B21600E23D1F /* ProfileViewController.swift in Sources */,
				061549102653B2AC00E23D1F /* NewQuestionViewController.swift in Sources */,
				06AE9E74263BB14C00B19869 /* QandAViewController.swift in Sources */,
				060F99C726399673007C0377 /* SceneDelegate.swift in Sources */,
			);
			runOnlyForDeploymentPostprocessing = 0;
		};
/* End PBXSourcesBuildPhase section */

/* Begin PBXVariantGroup section */
		060F99CA26399673007C0377 /* Main.storyboard */ = {
			isa = PBXVariantGroup;
			children = (
				060F99CB26399673007C0377 /* Base */,
			);
			name = Main.storyboard;
			sourceTree = "<group>";
		};
		060F99CF26399676007C0377 /* LaunchScreen.storyboard */ = {
			isa = PBXVariantGroup;
			children = (
				060F99D026399676007C0377 /* Base */,
			);
			name = LaunchScreen.storyboard;
			sourceTree = "<group>";
		};
/* End PBXVariantGroup section */

/* Begin XCBuildConfiguration section */
		060F99D326399676007C0377 /* Debug */ = {
			isa = XCBuildConfiguration;
			buildSettings = {
				ALWAYS_SEARCH_USER_PATHS = NO;
				CLANG_ANALYZER_NONNULL = YES;
				CLANG_ANALYZER_NUMBER_OBJECT_CONVERSION = YES_AGGRESSIVE;
				CLANG_CXX_LANGUAGE_STANDARD = "gnu++14";
				CLANG_CXX_LIBRARY = "libc++";
				CLANG_ENABLE_MODULES = YES;
				CLANG_ENABLE_OBJC_ARC = YES;
				CLANG_ENABLE_OBJC_WEAK = YES;
				CLANG_WARN_BLOCK_CAPTURE_AUTORELEASING = YES;
				CLANG_WARN_BOOL_CONVERSION = YES;
				CLANG_WARN_COMMA = YES;
				CLANG_WARN_CONSTANT_CONVERSION = YES;
				CLANG_WARN_DEPRECATED_OBJC_IMPLEMENTATIONS = YES;
				CLANG_WARN_DIRECT_OBJC_ISA_USAGE = YES_ERROR;
				CLANG_WARN_DOCUMENTATION_COMMENTS = YES;
				CLANG_WARN_EMPTY_BODY = YES;
				CLANG_WARN_ENUM_CONVERSION = YES;
				CLANG_WARN_INFINITE_RECURSION = YES;
				CLANG_WARN_INT_CONVERSION = YES;
				CLANG_WARN_NON_LITERAL_NULL_CONVERSION = YES;
				CLANG_WARN_OBJC_IMPLICIT_RETAIN_SELF = YES;
				CLANG_WARN_OBJC_LITERAL_CONVERSION = YES;
				CLANG_WARN_OBJC_ROOT_CLASS = YES_ERROR;
				CLANG_WARN_QUOTED_INCLUDE_IN_FRAMEWORK_HEADER = YES;
				CLANG_WARN_RANGE_LOOP_ANALYSIS = YES;
				CLANG_WARN_STRICT_PROTOTYPES = YES;
				CLANG_WARN_SUSPICIOUS_MOVE = YES;
				CLANG_WARN_UNGUARDED_AVAILABILITY = YES_AGGRESSIVE;
				CLANG_WARN_UNREACHABLE_CODE = YES;
				CLANG_WARN__DUPLICATE_METHOD_MATCH = YES;
				COPY_PHASE_STRIP = NO;
				DEBUG_INFORMATION_FORMAT = dwarf;
				ENABLE_STRICT_OBJC_MSGSEND = YES;
				ENABLE_TESTABILITY = YES;
				GCC_C_LANGUAGE_STANDARD = gnu11;
				GCC_DYNAMIC_NO_PIC = NO;
				GCC_NO_COMMON_BLOCKS = YES;
				GCC_OPTIMIZATION_LEVEL = 0;
				GCC_PREPROCESSOR_DEFINITIONS = (
					"DEBUG=1",
					"$(inherited)",
				);
				GCC_WARN_64_TO_32_BIT_CONVERSION = YES;
				GCC_WARN_ABOUT_RETURN_TYPE = YES_ERROR;
				GCC_WARN_UNDECLARED_SELECTOR = YES;
				GCC_WARN_UNINITIALIZED_AUTOS = YES_AGGRESSIVE;
				GCC_WARN_UNUSED_FUNCTION = YES;
				GCC_WARN_UNUSED_VARIABLE = YES;
				IPHONEOS_DEPLOYMENT_TARGET = 14.2;
				MTL_ENABLE_DEBUG_INFO = INCLUDE_SOURCE;
				MTL_FAST_MATH = YES;
				ONLY_ACTIVE_ARCH = YES;
				SDKROOT = iphoneos;
				SWIFT_ACTIVE_COMPILATION_CONDITIONS = DEBUG;
				SWIFT_OPTIMIZATION_LEVEL = "-Onone";
			};
			name = Debug;
		};
		060F99D426399676007C0377 /* Release */ = {
			isa = XCBuildConfiguration;
			buildSettings = {
				ALWAYS_SEARCH_USER_PATHS = NO;
				CLANG_ANALYZER_NONNULL = YES;
				CLANG_ANALYZER_NUMBER_OBJECT_CONVERSION = YES_AGGRESSIVE;
				CLANG_CXX_LANGUAGE_STANDARD = "gnu++14";
				CLANG_CXX_LIBRARY = "libc++";
				CLANG_ENABLE_MODULES = YES;
				CLANG_ENABLE_OBJC_ARC = YES;
				CLANG_ENABLE_OBJC_WEAK = YES;
				CLANG_WARN_BLOCK_CAPTURE_AUTORELEASING = YES;
				CLANG_WARN_BOOL_CONVERSION = YES;
				CLANG_WARN_COMMA = YES;
				CLANG_WARN_CONSTANT_CONVERSION = YES;
				CLANG_WARN_DEPRECATED_OBJC_IMPLEMENTATIONS = YES;
				CLANG_WARN_DIRECT_OBJC_ISA_USAGE = YES_ERROR;
				CLANG_WARN_DOCUMENTATION_COMMENTS = YES;
				CLANG_WARN_EMPTY_BODY = YES;
				CLANG_WARN_ENUM_CONVERSION = YES;
				CLANG_WARN_INFINITE_RECURSION = YES;
				CLANG_WARN_INT_CONVERSION = YES;
				CLANG_WARN_NON_LITERAL_NULL_CONVERSION = YES;
				CLANG_WARN_OBJC_IMPLICIT_RETAIN_SELF = YES;
				CLANG_WARN_OBJC_LITERAL_CONVERSION = YES;
				CLANG_WARN_OBJC_ROOT_CLASS = YES_ERROR;
				CLANG_WARN_QUOTED_INCLUDE_IN_FRAMEWORK_HEADER = YES;
				CLANG_WARN_RANGE_LOOP_ANALYSIS = YES;
				CLANG_WARN_STRICT_PROTOTYPES = YES;
				CLANG_WARN_SUSPICIOUS_MOVE = YES;
				CLANG_WARN_UNGUARDED_AVAILABILITY = YES_AGGRESSIVE;
				CLANG_WARN_UNREACHABLE_CODE = YES;
				CLANG_WARN__DUPLICATE_METHOD_MATCH = YES;
				COPY_PHASE_STRIP = NO;
				DEBUG_INFORMATION_FORMAT = "dwarf-with-dsym";
				ENABLE_NS_ASSERTIONS = NO;
				ENABLE_STRICT_OBJC_MSGSEND = YES;
				GCC_C_LANGUAGE_STANDARD = gnu11;
				GCC_NO_COMMON_BLOCKS = YES;
				GCC_WARN_64_TO_32_BIT_CONVERSION = YES;
				GCC_WARN_ABOUT_RETURN_TYPE = YES_ERROR;
				GCC_WARN_UNDECLARED_SELECTOR = YES;
				GCC_WARN_UNINITIALIZED_AUTOS = YES_AGGRESSIVE;
				GCC_WARN_UNUSED_FUNCTION = YES;
				GCC_WARN_UNUSED_VARIABLE = YES;
				IPHONEOS_DEPLOYMENT_TARGET = 14.2;
				MTL_ENABLE_DEBUG_INFO = NO;
				MTL_FAST_MATH = YES;
				SDKROOT = iphoneos;
				SWIFT_COMPILATION_MODE = wholemodule;
				SWIFT_OPTIMIZATION_LEVEL = "-O";
				VALIDATE_PRODUCT = YES;
			};
			name = Release;
		};
		060F99D626399676007C0377 /* Debug */ = {
			isa = XCBuildConfiguration;
			baseConfigurationReference = 38C6A7026994B082F2F5DAD0 /* Pods-Studentor.debug.xcconfig */;
			buildSettings = {
				ASSETCATALOG_COMPILER_APPICON_NAME = AppIcon;
				ASSETCATALOG_COMPILER_GLOBAL_ACCENT_COLOR_NAME = AccentColor;
				CODE_SIGN_STYLE = Automatic;
				DEVELOPMENT_TEAM = HS4LF29CVW;
				INFOPLIST_FILE = Studentor/Info.plist;
				LD_RUNPATH_SEARCH_PATHS = (
					"$(inherited)",
					"@executable_path/Frameworks",
				);
				PRODUCT_BUNDLE_IDENTIFIER = yerkebulanice.Studentor;
				PRODUCT_NAME = "$(TARGET_NAME)";
				SWIFT_VERSION = 5.0;
				TARGETED_DEVICE_FAMILY = 1;
			};
			name = Debug;
		};
		060F99D726399676007C0377 /* Release */ = {
			isa = XCBuildConfiguration;
			baseConfigurationReference = FD9DD5CB2AFD5CD43CF839F6 /* Pods-Studentor.release.xcconfig */;
			buildSettings = {
				ASSETCATALOG_COMPILER_APPICON_NAME = AppIcon;
				ASSETCATALOG_COMPILER_GLOBAL_ACCENT_COLOR_NAME = AccentColor;
				CODE_SIGN_STYLE = Automatic;
				DEVELOPMENT_TEAM = HS4LF29CVW;
				INFOPLIST_FILE = Studentor/Info.plist;
				LD_RUNPATH_SEARCH_PATHS = (
					"$(inherited)",
					"@executable_path/Frameworks",
				);
				PRODUCT_BUNDLE_IDENTIFIER = yerkebulanice.Studentor;
				PRODUCT_NAME = "$(TARGET_NAME)";
				SWIFT_VERSION = 5.0;
				TARGETED_DEVICE_FAMILY = 1;
			};
			name = Release;
		};
/* End XCBuildConfiguration section */

/* Begin XCConfigurationList section */
		060F99BC26399673007C0377 /* Build configuration list for PBXProject "Studentor" */ = {
			isa = XCConfigurationList;
			buildConfigurations = (
				060F99D326399676007C0377 /* Debug */,
				060F99D426399676007C0377 /* Release */,
			);
			defaultConfigurationIsVisible = 0;
			defaultConfigurationName = Release;
		};
		060F99D526399676007C0377 /* Build configuration list for PBXNativeTarget "Studentor" */ = {
			isa = XCConfigurationList;
			buildConfigurations = (
				060F99D626399676007C0377 /* Debug */,
				060F99D726399676007C0377 /* Release */,
			);
			defaultConfigurationIsVisible = 0;
			defaultConfigurationName = Release;
		};
/* End XCConfigurationList section */
	};
	rootObject = 060F99B926399673007C0377 /* Project object */;
}
